
Microsoft Visual Studio Solution File, Format Version 12.00
# Visual Studio Version 17
VisualStudioVersion = 17.3.32819.101
MinimumVisualStudioVersion = 10.0.40219.1
Project("{FAE04EC0-301F-11D3-BF4B-00C04F79EFBC}") = "LinqDemo", "LinqDemo\LinqDemo.csproj", "{83B8B15D-852E-411A-99E2-2A72D6A8805C}"
EndProject
Global
	GlobalSection(SolutionConfigurationPlatforms) = preSolution
		Debug|Any CPU = Debug|Any CPU
		Release|Any CPU = Release|Any CPU
	EndGlobalSection
	GlobalSection(ProjectConfigurationPlatforms) = postSolution
		{83B8B15D-852E-411A-99E2-2A72D6A8805C}.Debug|Any CPU.ActiveCfg = Debug|Any CPU
		{83B8B15D-852E-411A-99E2-2A72D6A8805C}.Debug|Any CPU.Build.0 = Debug|Any CPU
		{83B8B15D-852E-411A-99E2-2A72D6A8805C}.Release|Any CPU.ActiveCfg = Release|Any CPU
		{83B8B15D-852E-411A-99E2-2A72D6A8805C}.Release|Any CPU.Build.0 = Release|Any CPU
	EndGlobalSection
	GlobalSection(SolutionProperties) = preSolution
		HideSolutionNode = FALSE
	EndGlobalSection
	GlobalSection(ExtensibilityGlobals) = postSolution
		SolutionGuid = {A11E8E50-1B19-466B-9ECF-55045A28D083}
	EndGlobalSection
EndGlobal
